// !$*UTF8*$!
{
	archiveVersion = 1;
	classes = {
	};
	objectVersion = 46;
	objects = {

/* Begin PBXBuildFile section */
		44B5EC941D2EB30200B186B9 /* main.m in Sources */ = {isa = PBXBuildFile; fileRef = 44B5EC931D2EB30200B186B9 /* main.m */; };
		44B5EC971D2EB30200B186B9 /* AppDelegate.m in Sources */ = {isa = PBXBuildFile; fileRef = 44B5EC961D2EB30200B186B9 /* AppDelegate.m */; };
		44B5EC9A1D2EB30200B186B9 /* ViewController.m in Sources */ = {isa = PBXBuildFile; fileRef = 44B5EC991D2EB30200B186B9 /* ViewController.m */; };
		44B5EC9D1D2EB30200B186B9 /* Main.storyboard in Resources */ = {isa = PBXBuildFile; fileRef = 44B5EC9B1D2EB30200B186B9 /* Main.storyboard */; };
		44B5EC9F1D2EB30200B186B9 /* Assets.xcassets in Resources */ = {isa = PBXBuildFile; fileRef = 44B5EC9E1D2EB30200B186B9 /* Assets.xcassets */; };
		44B5ECA21D2EB30200B186B9 /* LaunchScreen.storyboard in Resources */ = {isa = PBXBuildFile; fileRef = 44B5ECA01D2EB30200B186B9 /* LaunchScreen.storyboard */; };
		44B5ECAD1D2EB30200B186B9 /* Dog_Years_ConverterTests.m in Sources */ = {isa = PBXBuildFile; fileRef = 44B5ECAC1D2EB30200B186B9 /* Dog_Years_ConverterTests.m */; };
		44B5ECB81D2EB30200B186B9 /* Dog_Years_ConverterUITests.m in Sources */ = {isa = PBXBuildFile; fileRef = 44B5ECB71D2EB30200B186B9 /* Dog_Years_ConverterUITests.m */; };
/* End PBXBuildFile section */

/* Begin PBXContainerItemProxy section */
		44B5ECA91D2EB30200B186B9 /* PBXContainerItemProxy */ = {
			isa = PBXContainerItemProxy;
			containerPortal = 44B5EC871D2EB30100B186B9 /* Project object */;
			proxyType = 1;
			remoteGlobalIDString = 44B5EC8E1D2EB30200B186B9;
			remoteInfo = "Dog Years Converter";
		};
		44B5ECB41D2EB30200B186B9 /* PBXContainerItemProxy */ = {
			isa = PBXContainerItemProxy;
			containerPortal = 44B5EC871D2EB30100B186B9 /* Project object */;
			proxyType = 1;
			remoteGlobalIDString = 44B5EC8E1D2EB30200B186B9;
			remoteInfo = "Dog Years Converter";
		};
/* End PBXContainerItemProxy section */

/* Begin PBXFileReference section */
		44B5EC8F1D2EB30200B186B9 /* Dog Years Converter.app */ = {isa = PBXFileReference; explicitFileType = wrapper.application; includeInIndex = 0; path = "Dog Years Converter.app"; sourceTree = BUILT_PRODUCTS_DIR; };
		44B5EC931D2EB30200B186B9 /* main.m */ = {isa = PBXFileReference; lastKnownFileType = sourcecode.c.objc; path = main.m; sourceTree = "<group>"; };
		44B5EC951D2EB30200B186B9 /* AppDelegate.h */ = {isa = PBXFileReference; lastKnownFileType = sourcecode.c.h; path = AppDelegate.h; sourceTree = "<group>"; };
		44B5EC961D2EB30200B186B9 /* AppDelegate.m */ = {isa = PBXFileReference; lastKnownFileType = sourcecode.c.objc; path = AppDelegate.m; sourceTree = "<group>"; };
		44B5EC981D2EB30200B186B9 /* ViewController.h */ = {isa = PBXFileReference; lastKnownFileType = sourcecode.c.h; path = ViewController.h; sourceTree = "<group>"; };
		44B5EC991D2EB30200B186B9 /* ViewController.m */ = {isa = PBXFileReference; lastKnownFileType = sourcecode.c.objc; path = ViewController.m; sourceTree = "<group>"; };
		44B5EC9C1D2EB30200B186B9 /* Base */ = {isa = PBXFileReference; lastKnownFileType = file.storyboard; name = Base; path = Base.lproj/Main.storyboard; sourceTree = "<group>"; };
		44B5EC9E1D2EB30200B186B9 /* Assets.xcassets */ = {isa = PBXFileReference; lastKnownFileType = folder.assetcatalog; path = Assets.xcassets; sourceTree = "<group>"; };
		44B5ECA11D2EB30200B186B9 /* Base */ = {isa = PBXFileReference; lastKnownFileType = file.storyboard; name = Base; path = Base.lproj/LaunchScreen.storyboard; sourceTree = "<group>"; };
		44B5ECA31D2EB30200B186B9 /* Info.plist */ = {isa = PBXFileReference; lastKnownFileType = text.plist.xml; path = Info.plist; sourceTree = "<group>"; };
		44B5ECA81D2EB30200B186B9 /* Dog Years ConverterTests.xctest */ = {isa = PBXFileReference; explicitFileType = wrapper.cfbundle; includeInIndex = 0; path = "Dog Years ConverterTests.xctest"; sourceTree = BUILT_PRODUCTS_DIR; };
		44B5ECAC1D2EB30200B186B9 /* Dog_Years_ConverterTests.m */ = {isa = PBXFileReference; lastKnownFileType = sourcecode.c.objc; path = Dog_Years_ConverterTests.m; sourceTree = "<group>"; };
		44B5ECAE1D2EB30200B186B9 /* Info.plist */ = {isa = PBXFileReference; lastKnownFileType = text.plist.xml; path = Info.plist; sourceTree = "<group>"; };
		44B5ECB31D2EB30200B186B9 /* Dog Years ConverterUITests.xctest */ = {isa = PBXFileReference; explicitFileType = wrapper.cfbundle; includeInIndex = 0; path = "Dog Years ConverterUITests.xctest"; sourceTree = BUILT_PRODUCTS_DIR; };
		44B5ECB71D2EB30200B186B9 /* Dog_Years_ConverterUITests.m */ = {isa = PBXFileReference; lastKnownFileType = sourcecode.c.objc; path = Dog_Years_ConverterUITests.m; sourceTree = "<group>"; };
		44B5ECB91D2EB30200B186B9 /* Info.plist */ = {isa = PBXFileReference; lastKnownFileType = text.plist.xml; path = Info.plist; sourceTree = "<group>"; };
/* End PBXFileReference section */

/* Begin PBXFrameworksBuildPhase section */
		44B5EC8C1D2EB30200B186B9 /* Frameworks */ = {
			isa = PBXFrameworksBuildPhase;
			buildActionMask = 2147483647;
			files = (
			);
			runOnlyForDeploymentPostprocessing = 0;
		};
		44B5ECA51D2EB30200B186B9 /* Frameworks */ = {
			isa = PBXFrameworksBuildPhase;
			buildActionMask = 2147483647;
			files = (
			);
			runOnlyForDeploymentPostprocessing = 0;
		};
		44B5ECB01D2EB30200B186B9 /* Frameworks */ = {
			isa = PBXFrameworksBuildPhase;
			buildActionMask = 2147483647;
			files = (
			);
			runOnlyForDeploymentPostprocessing = 0;
		};
/* End PBXFrameworksBuildPhase section */

/* Begin PBXGroup section */
		44B5EC861D2EB30100B186B9 = {
			isa = PBXGroup;
			children = (
				44B5EC911D2EB30200B186B9 /* Dog Years Converter */,
				44B5ECAB1D2EB30200B186B9 /* Dog Years ConverterTests */,
				44B5ECB61D2EB30200B186B9 /* Dog Years ConverterUITests */,
				44B5EC901D2EB30200B186B9 /* Products */,
			);
			sourceTree = "<group>";
		};
		44B5EC901D2EB30200B186B9 /* Products */ = {
			isa = PBXGroup;
			children = (
				44B5EC8F1D2EB30200B186B9 /* Dog Years Converter.app */,
				44B5ECA81D2EB30200B186B9 /* Dog Years ConverterTests.xctest */,
				44B5ECB31D2EB30200B186B9 /* Dog Years ConverterUITests.xctest */,
			);
			name = Products;
			sourceTree = "<group>";
		};
		44B5EC911D2EB30200B186B9 /* Dog Years Converter */ = {
			isa = PBXGroup;
			children = (
				44B5EC951D2EB30200B186B9 /* AppDelegate.h */,
				44B5EC961D2EB30200B186B9 /* AppDelegate.m */,
				44B5EC981D2EB30200B186B9 /* ViewController.h */,
				44B5EC991D2EB30200B186B9 /* ViewController.m */,
				44B5EC9B1D2EB30200B186B9 /* Main.storyboard */,
				44B5EC9E1D2EB30200B186B9 /* Assets.xcassets */,
				44B5ECA01D2EB30200B186B9 /* LaunchScreen.storyboard */,
				44B5ECA31D2EB30200B186B9 /* Info.plist */,
				44B5EC921D2EB30200B186B9 /* Supporting Files */,
			);
			path = "Dog Years Converter";
			sourceTree = "<group>";
		};
		44B5EC921D2EB30200B186B9 /* Supporting Files */ = {
			isa = PBXGroup;
			children = (
				44B5EC931D2EB30200B186B9 /* main.m */,
			);
			name = "Supporting Files";
			sourceTree = "<group>";
		};
		44B5ECAB1D2EB30200B186B9 /* Dog Years ConverterTests */ = {
			isa = PBXGroup;
			children = (
				44B5ECAC1D2EB30200B186B9 /* Dog_Years_ConverterTests.m */,
				44B5ECAE1D2EB30200B186B9 /* Info.plist */,
			);
			path = "Dog Years ConverterTests";
			sourceTree = "<group>";
		};
		44B5ECB61D2EB30200B186B9 /* Dog Years ConverterUITests */ = {
			isa = PBXGroup;
			children = (
				44B5ECB71D2EB30200B186B9 /* Dog_Years_ConverterUITests.m */,
				44B5ECB91D2EB30200B186B9 /* Info.plist */,
			);
			path = "Dog Years ConverterUITests";
			sourceTree = "<group>";
		};
/* End PBXGroup section */

/* Begin PBXNativeTarget section */
		44B5EC8E1D2EB30200B186B9 /* Dog Years Converter */ = {
			isa = PBXNativeTarget;
			buildConfigurationList = 44B5ECBC1D2EB30200B186B9 /* Build configuration list for PBXNativeTarget "Dog Years Converter" */;
			buildPhases = (
				44B5EC8B1D2EB30200B186B9 /* Sources */,
				44B5EC8C1D2EB30200B186B9 /* Frameworks */,
				44B5EC8D1D2EB30200B186B9 /* Resources */,
			);
			buildRules = (
			);
			dependencies = (
			);
			name = "Dog Years Converter";
			productName = "Dog Years Converter";
			productReference = 44B5EC8F1D2EB30200B186B9 /* Dog Years Converter.app */;
			productType = "com.apple.product-type.application";
		};
		44B5ECA71D2EB30200B186B9 /* Dog Years ConverterTests */ = {
			isa = PBXNativeTarget;
			buildConfigurationList = 44B5ECBF1D2EB30200B186B9 /* Build configuration list for PBXNativeTarget "Dog Years ConverterTests" */;
			buildPhases = (
				44B5ECA41D2EB30200B186B9 /* Sources */,
				44B5ECA51D2EB30200B186B9 /* Frameworks */,
				44B5ECA61D2EB30200B186B9 /* Resources */,
			);
			buildRules = (
			);
			dependencies = (
				44B5ECAA1D2EB30200B186B9 /* PBXTargetDependency */,
			);
			name = "Dog Years ConverterTests";
			productName = "Dog Years ConverterTests";
			productReference = 44B5ECA81D2EB30200B186B9 /* Dog Years ConverterTests.xctest */;
			productType = "com.apple.product-type.bundle.unit-test";
		};
		44B5ECB21D2EB30200B186B9 /* Dog Years ConverterUITests */ = {
			isa = PBXNativeTarget;
			buildConfigurationList = 44B5ECC21D2EB30200B186B9 /* Build configuration list for PBXNativeTarget "Dog Years ConverterUITests" */;
			buildPhases = (
				44B5ECAF1D2EB30200B186B9 /* Sources */,
				44B5ECB01D2EB30200B186B9 /* Frameworks */,
				44B5ECB11D2EB30200B186B9 /* Resources */,
			);
			buildRules = (
			);
			dependencies = (
				44B5ECB51D2EB30200B186B9 /* PBXTargetDependency */,
			);
			name = "Dog Years ConverterUITests";
			productName = "Dog Years ConverterUITests";
			productReference = 44B5ECB31D2EB30200B186B9 /* Dog Years ConverterUITests.xctest */;
			productType = "com.apple.product-type.bundle.ui-testing";
		};
/* End PBXNativeTarget section */

/* Begin PBXProject section */
		44B5EC871D2EB30100B186B9 /* Project object */ = {
			isa = PBXProject;
			attributes = {
				LastUpgradeCheck = 0730;
				ORGANIZATIONNAME = "JONATHAN ROMERO";
				TargetAttributes = {
					44B5EC8E1D2EB30200B186B9 = {
						CreatedOnToolsVersion = 7.3.1;
					};
					44B5ECA71D2EB30200B186B9 = {
						CreatedOnToolsVersion = 7.3.1;
						TestTargetID = 44B5EC8E1D2EB30200B186B9;
					};
					44B5ECB21D2EB30200B186B9 = {
						CreatedOnToolsVersion = 7.3.1;
						TestTargetID = 44B5EC8E1D2EB30200B186B9;
					};
				};
			};
			buildConfigurationList = 44B5EC8A1D2EB30100B186B9 /* Build configuration list for PBXProject "Dog Years Converter" */;
			compatibilityVersion = "Xcode 3.2";
			developmentRegion = English;
			hasScannedForEncodings = 0;
			knownRegions = (
				en,
				Base,
			);
			mainGroup = 44B5EC861D2EB30100B186B9;
			productRefGroup = 44B5EC901D2EB30200B186B9 /* Products */;
			projectDirPath = "";
			projectRoot = "";
			targets = (
				44B5EC8E1D2EB30200B186B9 /* Dog Years Converter */,
				44B5ECA71D2EB30200B186B9 /* Dog Years ConverterTests */,
				44B5ECB21D2EB30200B186B9 /* Dog Years ConverterUITests */,
			);
		};
/* End PBXProject section */

/* Begin PBXResourcesBuildPhase section */
		44B5EC8D1D2EB30200B186B9 /* Resources */ = {
			isa = PBXResourcesBuildPhase;
			buildActionMask = 2147483647;
			files = (
				44B5ECA21D2EB30200B186B9 /* LaunchScreen.storyboard in Resources */,
				44B5EC9F1D2EB30200B186B9 /* Assets.xcassets in Resources */,
				44B5EC9D1D2EB30200B186B9 /* Main.storyboard in Resources */,
			);
			runOnlyForDeploymentPostprocessing = 0;
		};
		44B5ECA61D2EB30200B186B9 /* Resources */ = {
			isa = PBXResourcesBuildPhase;
			buildActionMask = 2147483647;
			files = (
			);
			runOnlyForDeploymentPostprocessing = 0;
		};
		44B5ECB11D2EB30200B186B9 /* Resources */ = {
			isa = PBXResourcesBuildPhase;
			buildActionMask = 2147483647;
			files = (
			);
			runOnlyForDeploymentPostprocessing = 0;
		};
/* End PBXResourcesBuildPhase section */

/* Begin PBXSourcesBuildPhase section */
		44B5EC8B1D2EB30200B186B9 /* Sources */ = {
			isa = PBXSourcesBuildPhase;
			buildActionMask = 2147483647;
			files = (
				44B5EC9A1D2EB30200B186B9 /* ViewController.m in Sources */,
				44B5EC971D2EB30200B186B9 /* AppDelegate.m in Sources */,
				44B5EC941D2EB30200B186B9 /* main.m in Sources */,
			);
			runOnlyForDeploymentPostprocessing = 0;
		};
		44B5ECA41D2EB30200B186B9 /* Sources */ = {
			isa = PBXSourcesBuildPhase;
			buildActionMask = 2147483647;
			files = (
				44B5ECAD1D2EB30200B186B9 /* Dog_Years_ConverterTests.m in Sources */,
			);
			runOnlyForDeploymentPostprocessing = 0;
		};
		44B5ECAF1D2EB30200B186B9 /* Sources */ = {
			isa = PBXSourcesBuildPhase;
			buildActionMask = 2147483647;
			files = (
				44B5ECB81D2EB30200B186B9 /* Dog_Years_ConverterUITests.m in Sources */,
			);
			runOnlyForDeploymentPostprocessing = 0;
		};
/* End PBXSourcesBuildPhase section */

/* Begin PBXTargetDependency section */
		44B5ECAA1D2EB30200B186B9 /* PBXTargetDependency */ = {
			isa = PBXTargetDependency;
			target = 44B5EC8E1D2EB30200B186B9 /* Dog Years Converter */;
			targetProxy = 44B5ECA91D2EB30200B186B9 /* PBXContainerItemProxy */;
		};
		44B5ECB51D2EB30200B186B9 /* PBXTargetDependency */ = {
			isa = PBXTargetDependency;
			target = 44B5EC8E1D2EB30200B186B9 /* Dog Years Converter */;
			targetProxy = 44B5ECB41D2EB30200B186B9 /* PBXContainerItemProxy */;
		};
/* End PBXTargetDependency section */

/* Begin PBXVariantGroup section */
		44B5EC9B1D2EB30200B186B9 /* Main.storyboard */ = {
			isa = PBXVariantGroup;
			children = (
				44B5EC9C1D2EB30200B186B9 /* Base */,
			);
			name = Main.storyboard;
			sourceTree = "<group>";
		};
		44B5ECA01D2EB30200B186B9 /* LaunchScreen.storyboard */ = {
			isa = PBXVariantGroup;
			children = (
				44B5ECA11D2EB30200B186B9 /* Base */,
			);
			name = LaunchScreen.storyboard;
			sourceTree = "<group>";
		};
/* End PBXVariantGroup section */

/* Begin XCBuildConfiguration section */
		44B5ECBA1D2EB30200B186B9 /* Debug */ = {
			isa = XCBuildConfiguration;
			buildSettings = {
				ALWAYS_SEARCH_USER_PATHS = NO;
				CLANG_ANALYZER_NONNULL = YES;
				CLANG_CXX_LANGUAGE_STANDARD = "gnu++0x";
				CLANG_CXX_LIBRARY = "libc++";
				CLANG_ENABLE_MODULES = YES;
				CLANG_ENABLE_OBJC_ARC = YES;
				CLANG_WARN_BOOL_CONVERSION = YES;
				CLANG_WARN_CONSTANT_CONVERSION = YES;
				CLANG_WARN_DIRECT_OBJC_ISA_USAGE = YES_ERROR;
				CLANG_WARN_EMPTY_BODY = YES;
				CLANG_WARN_ENUM_CONVERSION = YES;
				CLANG_WARN_INT_CONVERSION = YES;
				CLANG_WARN_OBJC_ROOT_CLASS = YES_ERROR;
				CLANG_WARN_UNREACHABLE_CODE = YES;
				CLANG_WARN__DUPLICATE_METHOD_MATCH = YES;
				"CODE_SIGN_IDENTITY[sdk=iphoneos*]" = "iPhone Developer";
				COPY_PHASE_STRIP = NO;
				DEBUG_INFORMATION_FORMAT = dwarf;
				ENABLE_STRICT_OBJC_MSGSEND = YES;
				ENABLE_TESTABILITY = YES;
				GCC_C_LANGUAGE_STANDARD = gnu99;
				GCC_DYNAMIC_NO_PIC = NO;
				GCC_NO_COMMON_BLOCKS = YES;
				GCC_OPTIMIZATION_LEVEL = 0;
				GCC_PREPROCESSOR_DEFINITIONS = (
					"DEBUG=1",
					"$(inherited)",
				);
				GCC_WARN_64_TO_32_BIT_CONVERSION = YES;
				GCC_WARN_ABOUT_RETURN_TYPE = YES_ERROR;
				GCC_WARN_UNDECLARED_SELECTOR = YES;
				GCC_WARN_UNINITIALIZED_AUTOS = YES_AGGRESSIVE;
				GCC_WARN_UNUSED_FUNCTION = YES;
				GCC_WARN_UNUSED_VARIABLE = YES;
				IPHONEOS_DEPLOYMENT_TARGET = 9.3;
				MTL_ENABLE_DEBUG_INFO = YES;
				ONLY_ACTIVE_ARCH = YES;
				SDKROOT = iphoneos;
			};
			name = Debug;
		};
		44B5ECBB1D2EB30200B186B9 /* Release */ = {
			isa = XCBuildConfiguration;
			buildSettings = {
				ALWAYS_SEARCH_USER_PATHS = NO;
				CLANG_ANALYZER_NONNULL = YES;
				CLANG_CXX_LANGUAGE_STANDARD = "gnu++0x";
				CLANG_CXX_LIBRARY = "libc++";
				CLANG_ENABLE_MODULES = YES;
				CLANG_ENABLE_OBJC_ARC = YES;
				CLANG_WARN_BOOL_CONVERSION = YES;
				CLANG_WARN_CONSTANT_CONVERSION = YES;
				CLANG_WARN_DIRECT_OBJC_ISA_USAGE = YES_ERROR;
				CLANG_WARN_EMPTY_BODY = YES;
				CLANG_WARN_ENUM_CONVERSION = YES;
				CLANG_WARN_INT_CONVERSION = YES;
				CLANG_WARN_OBJC_ROOT_CLASS = YES_ERROR;
				CLANG_WARN_UNREACHABLE_CODE = YES;
				CLANG_WARN__DUPLICATE_METHOD_MATCH = YES;
				"CODE_SIGN_IDENTITY[sdk=iphoneos*]" = "iPhone Developer";
				COPY_PHASE_STRIP = NO;
				DEBUG_INFORMATION_FORMAT = "dwarf-with-dsym";
				ENABLE_NS_ASSERTIONS = NO;
				ENABLE_STRICT_OBJC_MSGSEND = YES;
				GCC_C_LANGUAGE_STANDARD = gnu99;
				GCC_NO_COMMON_BLOCKS = YES;
				GCC_WARN_64_TO_32_BIT_CONVERSION = YES;
				GCC_WARN_ABOUT_RETURN_TYPE = YES_ERROR;
				GCC_WARN_UNDECLARED_SELECTOR = YES;
				GCC_WARN_UNINITIALIZED_AUTOS = YES_AGGRESSIVE;
				GCC_WARN_UNUSED_FUNCTION = YES;
				GCC_WARN_UNUSED_VARIABLE = YES;
				IPHONEOS_DEPLOYMENT_TARGET = 9.3;
				MTL_ENABLE_DEBUG_INFO = NO;
				SDKROOT = iphoneos;
				VALIDATE_PRODUCT = YES;
			};
			name = Release;
		};
		44B5ECBD1D2EB30200B186B9 /* Debug */ = {
			isa = XCBuildConfiguration;
			buildSettings = {
				ASSETCATALOG_COMPILER_APPICON_NAME = AppIcon;
				INFOPLIST_FILE = "Dog Years Converter/Info.plist";
				LD_RUNPATH_SEARCH_PATHS = "$(inherited) @executable_path/Frameworks";
				PRODUCT_BUNDLE_IDENTIFIER = "self.edu.jromero.Dog-Years-Converter";
				PRODUCT_NAME = "$(TARGET_NAME)";
			};
			name = Debug;
		};
		44B5ECBE1D2EB30200B186B9 /* Release */ = {
			isa = XCBuildConfiguration;
			buildSettings = {
				ASSETCATALOG_COMPILER_APPICON_NAME = AppIcon;
				INFOPLIST_FILE = "Dog Years Converter/Info.plist";
				LD_RUNPATH_SEARCH_PATHS = "$(inherited) @executable_path/Frameworks";
				PRODUCT_BUNDLE_IDENTIFIER = "self.edu.jromero.Dog-Years-Converter";
				PRODUCT_NAME = "$(TARGET_NAME)";
			};
			name = Release;
		};
		44B5ECC01D2EB30200B186B9 /* Debug */ = {
			isa = XCBuildConfiguration;
			buildSettings = {
				BUNDLE_LOADER = "$(TEST_HOST)";
				INFOPLIST_FILE = "Dog Years ConverterTests/Info.plist";
				LD_RUNPATH_SEARCH_PATHS = "$(inherited) @executable_path/Frameworks @loader_path/Frameworks";
				PRODUCT_BUNDLE_IDENTIFIER = "self.edu.jromero.Dog-Years-ConverterTests";
				PRODUCT_NAME = "$(TARGET_NAME)";
				TEST_HOST = "$(BUILT_PRODUCTS_DIR)/Dog Years Converter.app/Dog Years Converter";
			};
			name = Debug;
		};
		44B5ECC11D2EB30200B186B9 /* Release */ = {
			isa = XCBuildConfiguration;
			buildSettings = {
				BUNDLE_LOADER = "$(TEST_HOST)";
				INFOPLIST_FILE = "Dog Years ConverterTests/Info.plist";
				LD_RUNPATH_SEARCH_PATHS = "$(inherited) @executable_path/Frameworks @loader_path/Frameworks";
				PRODUCT_BUNDLE_IDENTIFIER = "self.edu.jromero.Dog-Years-ConverterTests";
				PRODUCT_NAME = "$(TARGET_NAME)";
				TEST_HOST = "$(BUILT_PRODUCTS_DIR)/Dog Years Converter.app/Dog Years Converter";
			};
			name = Release;
		};
		44B5ECC31D2EB30200B186B9 /* Debug */ = {
			isa = XCBuildConfiguration;
			buildSettings = {
				INFOPLIST_FILE = "Dog Years ConverterUITests/Info.plist";
				LD_RUNPATH_SEARCH_PATHS = "$(inherited) @executable_path/Frameworks @loader_path/Frameworks";
				PRODUCT_BUNDLE_IDENTIFIER = "self.edu.jromero.Dog-Years-ConverterUITests";
				PRODUCT_NAME = "$(TARGET_NAME)";
				TEST_TARGET_NAME = "Dog Years Converter";
			};
			name = Debug;
		};
		44B5ECC41D2EB30200B186B9 /* Release */ = {
			isa = XCBuildConfiguration;
			buildSettings = {
				INFOPLIST_FILE = "Dog Years ConverterUITests/Info.plist";
				LD_RUNPATH_SEARCH_PATHS = "$(inherited) @executable_path/Frameworks @loader_path/Frameworks";
				PRODUCT_BUNDLE_IDENTIFIER = "self.edu.jromero.Dog-Years-ConverterUITests";
				PRODUCT_NAME = "$(TARGET_NAME)";
				TEST_TARGET_NAME = "Dog Years Converter";
			};
			name = Release;
		};
/* End XCBuildConfiguration section */

/* Begin XCConfigurationList section */
		44B5EC8A1D2EB30100B186B9 /* Build configuration list for PBXProject "Dog Years Converter" */ = {
			isa = XCConfigurationList;
			buildConfigurations = (
				44B5ECBA1D2EB30200B186B9 /* Debug */,
				44B5ECBB1D2EB30200B186B9 /* Release */,
			);
			defaultConfigurationIsVisible = 0;
			defaultConfigurationName = Release;
		};
		44B5ECBC1D2EB30200B186B9 /* Build configuration list for PBXNativeTarget "Dog Years Converter" */ = {
			isa = XCConfigurationList;
			buildConfigurations = (
				44B5ECBD1D2EB30200B186B9 /* Debug */,
				44B5ECBE1D2EB30200B186B9 /* Release */,
			);
			defaultConfigurationIsVisible = 0;
		};
		44B5ECBF1D2EB30200B186B9 /* Build configuration list for PBXNativeTarget "Dog Years ConverterTests" */ = {
			isa = XCConfigurationList;
			buildConfigurations = (
				44B5ECC01D2EB30200B186B9 /* Debug */,
				44B5ECC11D2EB30200B186B9 /* Release */,
			);
			defaultConfigurationIsVisible = 0;
		};
		44B5ECC21D2EB30200B186B9 /* Build configuration list for PBXNativeTarget "Dog Years ConverterUITests" */ = {
			isa = XCConfigurationList;
			buildConfigurations = (
				44B5ECC31D2EB30200B186B9 /* Debug */,
				44B5ECC41D2EB30200B186B9 /* Release */,
			);
			defaultConfigurationIsVisible = 0;
		};
/* End XCConfigurationList section */
	};
	rootObject = 44B5EC871D2EB30100B186B9 /* Project object */;
}
